{
  "requires": true,
  "lockfileVersion": 1,
  "dependencies": {
    "xss-clean": {
      "version": "0.1.1",
      "resolved": "https://registry.npmjs.org/xss-clean/-/xss-clean-0.1.1.tgz",
      "integrity": "sha1-07poTYXM1SBUlj0BrWqzbWYtsaU=",
      "requires": {
        "xss-filters": "1.2.6"
      }
    },
    "xss-filters": {
      "version": "1.2.6",
      "resolved": "https://registry.npmjs.org/xss-filters/-/xss-filters-1.2.6.tgz",
      "integrity": "sha1-aLOQicsd/4udvIiUhIObL1B/XFU="
    }
  }
}
